
Microsoft Visual Studio Solution File, Format Version 12.00
# Visual Studio Version 16
VisualStudioVersion = 16.0.29424.173
MinimumVisualStudioVersion = 10.0.40219.1
Project("{FAE04EC0-301F-11D3-BF4B-00C04F79EFBC}") = "INFO2300A03XD", "INFO2300A03XD.csproj", "{409FF108-518B-4537-AC2D-80496A500EEE}"
EndProject
Global
	GlobalSection(SolutionConfigurationPlatforms) = preSolution
		Debug|Any CPU = Debug|Any CPU
		Release|Any CPU = Release|Any CPU
	EndGlobalSection
	GlobalSection(ProjectConfigurationPlatforms) = postSolution
		{409FF108-518B-4537-AC2D-80496A500EEE}.Debug|Any CPU.ActiveCfg = Debug|Any CPU
		{409FF108-518B-4537-AC2D-80496A500EEE}.Debug|Any CPU.Build.0 = Debug|Any CPU
		{409FF108-518B-4537-AC2D-80496A500EEE}.Release|Any CPU.ActiveCfg = Release|Any CPU
		{409FF108-518B-4537-AC2D-80496A500EEE}.Release|Any CPU.Build.0 = Release|Any CPU
	EndGlobalSection
	GlobalSection(SolutionProperties) = preSolution
		HideSolutionNode = FALSE
	EndGlobalSection
	GlobalSection(ExtensibilityGlobals) = postSolution
		SolutionGuid = {ED0EC3EB-A1BD-4A84-87D2-83371BA8351B}
	EndGlobalSection
EndGlobal
