
Microsoft Visual Studio Solution File, Format Version 12.00
# Visual Studio Version 16
VisualStudioVersion = 16.0.29424.173
MinimumVisualStudioVersion = 10.0.40219.1
Project("{FAE04EC0-301F-11D3-BF4B-00C04F79EFBC}") = "INFO2300A03XanderDrinnan", "INFO2300A03XanderDrinnan.csproj", "{248D2D71-48F4-4415-9891-4EC423481BBB}"
EndProject
Global
	GlobalSection(SolutionConfigurationPlatforms) = preSolution
		Debug|Any CPU = Debug|Any CPU
		Release|Any CPU = Release|Any CPU
	EndGlobalSection
	GlobalSection(ProjectConfigurationPlatforms) = postSolution
		{248D2D71-48F4-4415-9891-4EC423481BBB}.Debug|Any CPU.ActiveCfg = Debug|Any CPU
		{248D2D71-48F4-4415-9891-4EC423481BBB}.Debug|Any CPU.Build.0 = Debug|Any CPU
		{248D2D71-48F4-4415-9891-4EC423481BBB}.Release|Any CPU.ActiveCfg = Release|Any CPU
		{248D2D71-48F4-4415-9891-4EC423481BBB}.Release|Any CPU.Build.0 = Release|Any CPU
	EndGlobalSection
	GlobalSection(SolutionProperties) = preSolution
		HideSolutionNode = FALSE
	EndGlobalSection
	GlobalSection(ExtensibilityGlobals) = postSolution
		SolutionGuid = {882A123C-D29C-4159-BC63-AC6C9938C97F}
	EndGlobalSection
EndGlobal
