
Microsoft Visual Studio Solution File, Format Version 12.00
# Visual Studio Version 16
VisualStudioVersion = 16.0.29424.173
MinimumVisualStudioVersion = 10.0.40219.1
Project("{FAE04EC0-301F-11D3-BF4B-00C04F79EFBC}") = "INFO2300Assignment03XanderDrinnan", "INFO2300Assignment03XanderDrinnan.csproj", "{56EB5253-051E-4D51-85CD-6DE01C58AEED}"
EndProject
Global
	GlobalSection(SolutionConfigurationPlatforms) = preSolution
		Debug|Any CPU = Debug|Any CPU
		Release|Any CPU = Release|Any CPU
	EndGlobalSection
	GlobalSection(ProjectConfigurationPlatforms) = postSolution
		{56EB5253-051E-4D51-85CD-6DE01C58AEED}.Debug|Any CPU.ActiveCfg = Debug|Any CPU
		{56EB5253-051E-4D51-85CD-6DE01C58AEED}.Debug|Any CPU.Build.0 = Debug|Any CPU
		{56EB5253-051E-4D51-85CD-6DE01C58AEED}.Release|Any CPU.ActiveCfg = Release|Any CPU
		{56EB5253-051E-4D51-85CD-6DE01C58AEED}.Release|Any CPU.Build.0 = Release|Any CPU
	EndGlobalSection
	GlobalSection(SolutionProperties) = preSolution
		HideSolutionNode = FALSE
	EndGlobalSection
	GlobalSection(ExtensibilityGlobals) = postSolution
		SolutionGuid = {643E6CA1-8FB8-45EB-813A-C52B920FAB9A}
	EndGlobalSection
EndGlobal
